
Microsoft Visual Studio Solution File, Format Version 12.00
# Visual Studio 14
VisualStudioVersion = 14.0.25420.1
MinimumVisualStudioVersion = 10.0.40219.1
Project("{FAE04EC0-301F-11D3-BF4B-00C04F79EFBC}") = "SimpleMLP", "SimpleMLP\SimpleMLP.csproj", "{D78D4243-D811-4321-9207-E1B7AD6EE732}"
EndProject
Project("{FAE04EC0-301F-11D3-BF4B-00C04F79EFBC}") = "RunNeuralNetwork", "RunNeuralNetwork\RunNeuralNetwork.csproj", "{A9007412-3E81-42DE-949D-8D11264AE9B2}"
EndProject
Project("{FAE04EC0-301F-11D3-BF4B-00C04F79EFBC}") = "Tests", "Tests\Tests.csproj", "{EBFEDB51-2C0B-485E-92DB-85F2F9C23116}"
EndProject
Project("{FAE04EC0-301F-11D3-BF4B-00C04F79EFBC}") = "DataParser", "DataParser\DataParser.csproj", "{9FD4019E-94C8-4854-92BA-F1D6D95A7BD8}"
EndProject
Global
	GlobalSection(SolutionConfigurationPlatforms) = preSolution
		Debug|Any CPU = Debug|Any CPU
		Release|Any CPU = Release|Any CPU
	EndGlobalSection
	GlobalSection(ProjectConfigurationPlatforms) = postSolution
		{D78D4243-D811-4321-9207-E1B7AD6EE732}.Debug|Any CPU.ActiveCfg = Debug|Any CPU
		{D78D4243-D811-4321-9207-E1B7AD6EE732}.Debug|Any CPU.Build.0 = Debug|Any CPU
		{D78D4243-D811-4321-9207-E1B7AD6EE732}.Release|Any CPU.ActiveCfg = Release|Any CPU
		{D78D4243-D811-4321-9207-E1B7AD6EE732}.Release|Any CPU.Build.0 = Release|Any CPU
		{A9007412-3E81-42DE-949D-8D11264AE9B2}.Debug|Any CPU.ActiveCfg = Debug|Any CPU
		{A9007412-3E81-42DE-949D-8D11264AE9B2}.Debug|Any CPU.Build.0 = Debug|Any CPU
		{A9007412-3E81-42DE-949D-8D11264AE9B2}.Release|Any CPU.ActiveCfg = Release|Any CPU
		{A9007412-3E81-42DE-949D-8D11264AE9B2}.Release|Any CPU.Build.0 = Release|Any CPU
		{EBFEDB51-2C0B-485E-92DB-85F2F9C23116}.Debug|Any CPU.ActiveCfg = Debug|Any CPU
		{EBFEDB51-2C0B-485E-92DB-85F2F9C23116}.Debug|Any CPU.Build.0 = Debug|Any CPU
		{EBFEDB51-2C0B-485E-92DB-85F2F9C23116}.Release|Any CPU.ActiveCfg = Release|Any CPU
		{EBFEDB51-2C0B-485E-92DB-85F2F9C23116}.Release|Any CPU.Build.0 = Release|Any CPU
		{9FD4019E-94C8-4854-92BA-F1D6D95A7BD8}.Debug|Any CPU.ActiveCfg = Debug|Any CPU
		{9FD4019E-94C8-4854-92BA-F1D6D95A7BD8}.Debug|Any CPU.Build.0 = Debug|Any CPU
		{9FD4019E-94C8-4854-92BA-F1D6D95A7BD8}.Release|Any CPU.ActiveCfg = Release|Any CPU
		{9FD4019E-94C8-4854-92BA-F1D6D95A7BD8}.Release|Any CPU.Build.0 = Release|Any CPU
	EndGlobalSection
	GlobalSection(SolutionProperties) = preSolution
		HideSolutionNode = FALSE
	EndGlobalSection
EndGlobal
